// !$*UTF8*$!
{
	archiveVersion = 1;
	classes = {
	};
	objectVersion = 56;
	objects = {

/* Begin PBXBuildFile section */
		A19C8110294B47FA003E1D88 /* AppDelegate.swift in Sources */ = {isa = PBXBuildFile; fileRef = A19C810F294B47FA003E1D88 /* AppDelegate.swift */; };
		A19C8112294B47FA003E1D88 /* SceneDelegate.swift in Sources */ = {isa = PBXBuildFile; fileRef = A19C8111294B47FA003E1D88 /* SceneDelegate.swift */; };
		A19C8114294B47FA003E1D88 /* LoginViewController.swift in Sources */ = {isa = PBXBuildFile; fileRef = A19C8113294B47FA003E1D88 /* LoginViewController.swift */; };
		A19C8117294B47FA003E1D88 /* Main.storyboard in Resources */ = {isa = PBXBuildFile; fileRef = A19C8115294B47FA003E1D88 /* Main.storyboard */; };
		A19C8119294B47FC003E1D88 /* Assets.xcassets in Resources */ = {isa = PBXBuildFile; fileRef = A19C8118294B47FC003E1D88 /* Assets.xcassets */; };
		A19C811C294B47FC003E1D88 /* LaunchScreen.storyboard in Resources */ = {isa = PBXBuildFile; fileRef = A19C811A294B47FC003E1D88 /* LaunchScreen.storyboard */; };
		A19C813F2953351D003E1D88 /* Setting.swift in Sources */ = {isa = PBXBuildFile; fileRef = A19C81382953351C003E1D88 /* Setting.swift */; };
		A19C81402953351D003E1D88 /* ArchivableString.swift in Sources */ = {isa = PBXBuildFile; fileRef = A19C81392953351C003E1D88 /* ArchivableString.swift */; };
		A19C81412953351D003E1D88 /* DatabaseBroker.swift in Sources */ = {isa = PBXBuildFile; fileRef = A19C813A2953351C003E1D88 /* DatabaseBroker.swift */; };
		A19C81422953351D003E1D88 /* FilebaseBroker.swift in Sources */ = {isa = PBXBuildFile; fileRef = A19C813B2953351C003E1D88 /* FilebaseBroker.swift */; };
		A19C81432953351D003E1D88 /* Message.swift in Sources */ = {isa = PBXBuildFile; fileRef = A19C813C2953351C003E1D88 /* Message.swift */; };
		A19C81442953351D003E1D88 /* Preferences.swift in Sources */ = {isa = PBXBuildFile; fileRef = A19C813D2953351D003E1D88 /* Preferences.swift */; };
		A19C81452953351D003E1D88 /* User.swift in Sources */ = {isa = PBXBuildFile; fileRef = A19C813E2953351D003E1D88 /* User.swift */; };
/* End PBXBuildFile section */

/* Begin PBXFileReference section */
		A19C810C294B47FA003E1D88 /* Login.app */ = {isa = PBXFileReference; explicitFileType = wrapper.application; includeInIndex = 0; path = Login.app; sourceTree = BUILT_PRODUCTS_DIR; };
		A19C810F294B47FA003E1D88 /* AppDelegate.swift */ = {isa = PBXFileReference; lastKnownFileType = sourcecode.swift; path = AppDelegate.swift; sourceTree = "<group>"; };
		A19C8111294B47FA003E1D88 /* SceneDelegate.swift */ = {isa = PBXFileReference; lastKnownFileType = sourcecode.swift; path = SceneDelegate.swift; sourceTree = "<group>"; };
		A19C8113294B47FA003E1D88 /* LoginViewController.swift */ = {isa = PBXFileReference; lastKnownFileType = sourcecode.swift; path = LoginViewController.swift; sourceTree = "<group>"; };
		A19C8116294B47FA003E1D88 /* Base */ = {isa = PBXFileReference; lastKnownFileType = file.storyboard; name = Base; path = Base.lproj/Main.storyboard; sourceTree = "<group>"; };
		A19C8118294B47FC003E1D88 /* Assets.xcassets */ = {isa = PBXFileReference; lastKnownFileType = folder.assetcatalog; path = Assets.xcassets; sourceTree = "<group>"; };
		A19C811B294B47FC003E1D88 /* Base */ = {isa = PBXFileReference; lastKnownFileType = file.storyboard; name = Base; path = Base.lproj/LaunchScreen.storyboard; sourceTree = "<group>"; };
		A19C811D294B47FC003E1D88 /* Info.plist */ = {isa = PBXFileReference; lastKnownFileType = text.plist.xml; path = Info.plist; sourceTree = "<group>"; };
		A19C81382953351C003E1D88 /* Setting.swift */ = {isa = PBXFileReference; fileEncoding = 4; lastKnownFileType = sourcecode.swift; path = Setting.swift; sourceTree = "<group>"; };
		A19C81392953351C003E1D88 /* ArchivableString.swift */ = {isa = PBXFileReference; fileEncoding = 4; lastKnownFileType = sourcecode.swift; path = ArchivableString.swift; sourceTree = "<group>"; };
		A19C813A2953351C003E1D88 /* DatabaseBroker.swift */ = {isa = PBXFileReference; fileEncoding = 4; lastKnownFileType = sourcecode.swift; path = DatabaseBroker.swift; sourceTree = "<group>"; };
		A19C813B2953351C003E1D88 /* FilebaseBroker.swift */ = {isa = PBXFileReference; fileEncoding = 4; lastKnownFileType = sourcecode.swift; path = FilebaseBroker.swift; sourceTree = "<group>"; };
		A19C813C2953351C003E1D88 /* Message.swift */ = {isa = PBXFileReference; fileEncoding = 4; lastKnownFileType = sourcecode.swift; path = Message.swift; sourceTree = "<group>"; };
		A19C813D2953351D003E1D88 /* Preferences.swift */ = {isa = PBXFileReference; fileEncoding = 4; lastKnownFileType = sourcecode.swift; path = Preferences.swift; sourceTree = "<group>"; };
		A19C813E2953351D003E1D88 /* User.swift */ = {isa = PBXFileReference; fileEncoding = 4; lastKnownFileType = sourcecode.swift; path = User.swift; sourceTree = "<group>"; };
/* End PBXFileReference section */

/* Begin PBXFrameworksBuildPhase section */
		A19C8109294B47FA003E1D88 /* Frameworks */ = {
			isa = PBXFrameworksBuildPhase;
			buildActionMask = 2147483647;
			files = (
			);
			runOnlyForDeploymentPostprocessing = 0;
		};
/* End PBXFrameworksBuildPhase section */

/* Begin PBXGroup section */
		A19C8103294B47FA003E1D88 = {
			isa = PBXGroup;
			children = (
				A19C810E294B47FA003E1D88 /* Login */,
				A19C810D294B47FA003E1D88 /* Products */,
			);
			sourceTree = "<group>";
		};
		A19C810D294B47FA003E1D88 /* Products */ = {
			isa = PBXGroup;
			children = (
				A19C810C294B47FA003E1D88 /* Login.app */,
			);
			name = Products;
			sourceTree = "<group>";
		};
		A19C810E294B47FA003E1D88 /* Login */ = {
			isa = PBXGroup;
			children = (
				A19C81372953350E003E1D88 /* common */,
				A19C810F294B47FA003E1D88 /* AppDelegate.swift */,
				A19C8111294B47FA003E1D88 /* SceneDelegate.swift */,
				A19C8113294B47FA003E1D88 /* LoginViewController.swift */,
				A19C8115294B47FA003E1D88 /* Main.storyboard */,
				A19C8118294B47FC003E1D88 /* Assets.xcassets */,
				A19C811A294B47FC003E1D88 /* LaunchScreen.storyboard */,
				A19C811D294B47FC003E1D88 /* Info.plist */,
			);
			path = Login;
			sourceTree = "<group>";
		};
		A19C81372953350E003E1D88 /* common */ = {
			isa = PBXGroup;
			children = (
				A19C81392953351C003E1D88 /* ArchivableString.swift */,
				A19C813A2953351C003E1D88 /* DatabaseBroker.swift */,
				A19C813B2953351C003E1D88 /* FilebaseBroker.swift */,
				A19C813C2953351C003E1D88 /* Message.swift */,
				A19C813D2953351D003E1D88 /* Preferences.swift */,
				A19C81382953351C003E1D88 /* Setting.swift */,
				A19C813E2953351D003E1D88 /* User.swift */,
			);
			path = common;
			sourceTree = "<group>";
		};
/* End PBXGroup section */

/* Begin PBXNativeTarget section */
		A19C810B294B47FA003E1D88 /* Login */ = {
			isa = PBXNativeTarget;
			buildConfigurationList = A19C8120294B47FC003E1D88 /* Build configuration list for PBXNativeTarget "Login" */;
			buildPhases = (
				A19C8108294B47FA003E1D88 /* Sources */,
				A19C8109294B47FA003E1D88 /* Frameworks */,
				A19C810A294B47FA003E1D88 /* Resources */,
			);
			buildRules = (
			);
			dependencies = (
			);
			name = Login;
			productName = Login;
			productReference = A19C810C294B47FA003E1D88 /* Login.app */;
			productType = "com.apple.product-type.application";
		};
/* End PBXNativeTarget section */

/* Begin PBXProject section */
		A19C8104294B47FA003E1D88 /* Project object */ = {
			isa = PBXProject;
			attributes = {
				BuildIndependentTargetsInParallel = 1;
				LastSwiftUpdateCheck = 1410;
				LastUpgradeCheck = 1410;
				TargetAttributes = {
					A19C810B294B47FA003E1D88 = {
						CreatedOnToolsVersion = 14.1;
					};
				};
			};
			buildConfigurationList = A19C8107294B47FA003E1D88 /* Build configuration list for PBXProject "Login" */;
			compatibilityVersion = "Xcode 14.0";
			developmentRegion = en;
			hasScannedForEncodings = 0;
			knownRegions = (
				en,
				Base,
			);
			mainGroup = A19C8103294B47FA003E1D88;
			productRefGroup = A19C810D294B47FA003E1D88 /* Products */;
			projectDirPath = "";
			projectRoot = "";
			targets = (
				A19C810B294B47FA003E1D88 /* Login */,
			);
		};
/* End PBXProject section */

/* Begin PBXResourcesBuildPhase section */
		A19C810A294B47FA003E1D88 /* Resources */ = {
			isa = PBXResourcesBuildPhase;
			buildActionMask = 2147483647;
			files = (
				A19C811C294B47FC003E1D88 /* LaunchScreen.storyboard in Resources */,
				A19C8119294B47FC003E1D88 /* Assets.xcassets in Resources */,
				A19C8117294B47FA003E1D88 /* Main.storyboard in Resources */,
			);
			runOnlyForDeploymentPostprocessing = 0;
		};
/* End PBXResourcesBuildPhase section */

/* Begin PBXSourcesBuildPhase section */
		A19C8108294B47FA003E1D88 /* Sources */ = {
			isa = PBXSourcesBuildPhase;
			buildActionMask = 2147483647;
			files = (
				A19C8114294B47FA003E1D88 /* LoginViewController.swift in Sources */,
				A19C8110294B47FA003E1D88 /* AppDelegate.swift in Sources */,
				A19C81402953351D003E1D88 /* ArchivableString.swift in Sources */,
				A19C81412953351D003E1D88 /* DatabaseBroker.swift in Sources */,
				A19C813F2953351D003E1D88 /* Setting.swift in Sources */,
				A19C81432953351D003E1D88 /* Message.swift in Sources */,
				A19C81422953351D003E1D88 /* FilebaseBroker.swift in Sources */,
				A19C8112294B47FA003E1D88 /* SceneDelegate.swift in Sources */,
				A19C81452953351D003E1D88 /* User.swift in Sources */,
				A19C81442953351D003E1D88 /* Preferences.swift in Sources */,
			);
			runOnlyForDeploymentPostprocessing = 0;
		};
/* End PBXSourcesBuildPhase section */

/* Begin PBXVariantGroup section */
		A19C8115294B47FA003E1D88 /* Main.storyboard */ = {
			isa = PBXVariantGroup;
			children = (
				A19C8116294B47FA003E1D88 /* Base */,
			);
			name = Main.storyboard;
			sourceTree = "<group>";
		};
		A19C811A294B47FC003E1D88 /* LaunchScreen.storyboard */ = {
			isa = PBXVariantGroup;
			children = (
				A19C811B294B47FC003E1D88 /* Base */,
			);
			name = LaunchScreen.storyboard;
			sourceTree = "<group>";
		};
/* End PBXVariantGroup section */

/* Begin XCBuildConfiguration section */
		A19C811E294B47FC003E1D88 /* Debug */ = {
			isa = XCBuildConfiguration;
			buildSettings = {
				ALWAYS_SEARCH_USER_PATHS = NO;
				CLANG_ANALYZER_NONNULL = YES;
				CLANG_ANALYZER_NUMBER_OBJECT_CONVERSION = YES_AGGRESSIVE;
				CLANG_CXX_LANGUAGE_STANDARD = "gnu++20";
				CLANG_ENABLE_MODULES = YES;
				CLANG_ENABLE_OBJC_ARC = YES;
				CLANG_ENABLE_OBJC_WEAK = YES;
				CLANG_WARN_BLOCK_CAPTURE_AUTORELEASING = YES;
				CLANG_WARN_BOOL_CONVERSION = YES;
				CLANG_WARN_COMMA = YES;
				CLANG_WARN_CONSTANT_CONVERSION = YES;
				CLANG_WARN_DEPRECATED_OBJC_IMPLEMENTATIONS = YES;
				CLANG_WARN_DIRECT_OBJC_ISA_USAGE = YES_ERROR;
				CLANG_WARN_DOCUMENTATION_COMMENTS = YES;
				CLANG_WARN_EMPTY_BODY = YES;
				CLANG_WARN_ENUM_CONVERSION = YES;
				CLANG_WARN_INFINITE_RECURSION = YES;
				CLANG_WARN_INT_CONVERSION = YES;
				CLANG_WARN_NON_LITERAL_NULL_CONVERSION = YES;
				CLANG_WARN_OBJC_IMPLICIT_RETAIN_SELF = YES;
				CLANG_WARN_OBJC_LITERAL_CONVERSION = YES;
				CLANG_WARN_OBJC_ROOT_CLASS = YES_ERROR;
				CLANG_WARN_QUOTED_INCLUDE_IN_FRAMEWORK_HEADER = YES;
				CLANG_WARN_RANGE_LOOP_ANALYSIS = YES;
				CLANG_WARN_STRICT_PROTOTYPES = YES;
				CLANG_WARN_SUSPICIOUS_MOVE = YES;
				CLANG_WARN_UNGUARDED_AVAILABILITY = YES_AGGRESSIVE;
				CLANG_WARN_UNREACHABLE_CODE = YES;
				CLANG_WARN__DUPLICATE_METHOD_MATCH = YES;
				COPY_PHASE_STRIP = NO;
				DEBUG_INFORMATION_FORMAT = dwarf;
				ENABLE_STRICT_OBJC_MSGSEND = YES;
				ENABLE_TESTABILITY = YES;
				GCC_C_LANGUAGE_STANDARD = gnu11;
				GCC_DYNAMIC_NO_PIC = NO;
				GCC_NO_COMMON_BLOCKS = YES;
				GCC_OPTIMIZATION_LEVEL = 0;
				GCC_PREPROCESSOR_DEFINITIONS = (
					"DEBUG=1",
					"$(inherited)",
				);
				GCC_WARN_64_TO_32_BIT_CONVERSION = YES;
				GCC_WARN_ABOUT_RETURN_TYPE = YES_ERROR;
				GCC_WARN_UNDECLARED_SELECTOR = YES;
				GCC_WARN_UNINITIALIZED_AUTOS = YES_AGGRESSIVE;
				GCC_WARN_UNUSED_FUNCTION = YES;
				GCC_WARN_UNUSED_VARIABLE = YES;
				IPHONEOS_DEPLOYMENT_TARGET = 16.1;
				MTL_ENABLE_DEBUG_INFO = INCLUDE_SOURCE;
				MTL_FAST_MATH = YES;
				ONLY_ACTIVE_ARCH = YES;
				SDKROOT = iphoneos;
				SWIFT_ACTIVE_COMPILATION_CONDITIONS = DEBUG;
				SWIFT_OPTIMIZATION_LEVEL = "-Onone";
			};
			name = Debug;
		};
		A19C811F294B47FC003E1D88 /* Release */ = {
			isa = XCBuildConfiguration;
			buildSettings = {
				ALWAYS_SEARCH_USER_PATHS = NO;
				CLANG_ANALYZER_NONNULL = YES;
				CLANG_ANALYZER_NUMBER_OBJECT_CONVERSION = YES_AGGRESSIVE;
				CLANG_CXX_LANGUAGE_STANDARD = "gnu++20";
				CLANG_ENABLE_MODULES = YES;
				CLANG_ENABLE_OBJC_ARC = YES;
				CLANG_ENABLE_OBJC_WEAK = YES;
				CLANG_WARN_BLOCK_CAPTURE_AUTORELEASING = YES;
				CLANG_WARN_BOOL_CONVERSION = YES;
				CLANG_WARN_COMMA = YES;
				CLANG_WARN_CONSTANT_CONVERSION = YES;
				CLANG_WARN_DEPRECATED_OBJC_IMPLEMENTATIONS = YES;
				CLANG_WARN_DIRECT_OBJC_ISA_USAGE = YES_ERROR;
				CLANG_WARN_DOCUMENTATION_COMMENTS = YES;
				CLANG_WARN_EMPTY_BODY = YES;
				CLANG_WARN_ENUM_CONVERSION = YES;
				CLANG_WARN_INFINITE_RECURSION = YES;
				CLANG_WARN_INT_CONVERSION = YES;
				CLANG_WARN_NON_LITERAL_NULL_CONVERSION = YES;
				CLANG_WARN_OBJC_IMPLICIT_RETAIN_SELF = YES;
				CLANG_WARN_OBJC_LITERAL_CONVERSION = YES;
				CLANG_WARN_OBJC_ROOT_CLASS = YES_ERROR;
				CLANG_WARN_QUOTED_INCLUDE_IN_FRAMEWORK_HEADER = YES;
				CLANG_WARN_RANGE_LOOP_ANALYSIS = YES;
				CLANG_WARN_STRICT_PROTOTYPES = YES;
				CLANG_WARN_SUSPICIOUS_MOVE = YES;
				CLANG_WARN_UNGUARDED_AVAILABILITY = YES_AGGRESSIVE;
				CLANG_WARN_UNREACHABLE_CODE = YES;
				CLANG_WARN__DUPLICATE_METHOD_MATCH = YES;
				COPY_PHASE_STRIP = NO;
				DEBUG_INFORMATION_FORMAT = "dwarf-with-dsym";
				ENABLE_NS_ASSERTIONS = NO;
				ENABLE_STRICT_OBJC_MSGSEND = YES;
				GCC_C_LANGUAGE_STANDARD = gnu11;
				GCC_NO_COMMON_BLOCKS = YES;
				GCC_WARN_64_TO_32_BIT_CONVERSION = YES;
				GCC_WARN_ABOUT_RETURN_TYPE = YES_ERROR;
				GCC_WARN_UNDECLARED_SELECTOR = YES;
				GCC_WARN_UNINITIALIZED_AUTOS = YES_AGGRESSIVE;
				GCC_WARN_UNUSED_FUNCTION = YES;
				GCC_WARN_UNUSED_VARIABLE = YES;
				IPHONEOS_DEPLOYMENT_TARGET = 16.1;
				MTL_ENABLE_DEBUG_INFO = NO;
				MTL_FAST_MATH = YES;
				SDKROOT = iphoneos;
				SWIFT_COMPILATION_MODE = wholemodule;
				SWIFT_OPTIMIZATION_LEVEL = "-O";
				VALIDATE_PRODUCT = YES;
			};
			name = Release;
		};
		A19C8121294B47FC003E1D88 /* Debug */ = {
			isa = XCBuildConfiguration;
			buildSettings = {
				ASSETCATALOG_COMPILER_APPICON_NAME = AppIcon;
				ASSETCATALOG_COMPILER_GLOBAL_ACCENT_COLOR_NAME = AccentColor;
				CODE_SIGN_STYLE = Automatic;
				CURRENT_PROJECT_VERSION = 1;
				GENERATE_INFOPLIST_FILE = YES;
				INFOPLIST_FILE = Login/Info.plist;
				INFOPLIST_KEY_UIApplicationSupportsIndirectInputEvents = YES;
				INFOPLIST_KEY_UILaunchStoryboardName = LaunchScreen;
				INFOPLIST_KEY_UIMainStoryboardFile = Main;
				INFOPLIST_KEY_UISupportedInterfaceOrientations_iPad = "UIInterfaceOrientationPortrait UIInterfaceOrientationPortraitUpsideDown UIInterfaceOrientationLandscapeLeft UIInterfaceOrientationLandscapeRight";
				INFOPLIST_KEY_UISupportedInterfaceOrientations_iPhone = "UIInterfaceOrientationPortrait UIInterfaceOrientationLandscapeLeft UIInterfaceOrientationLandscapeRight";
				LD_RUNPATH_SEARCH_PATHS = (
					"$(inherited)",
					"@executable_path/Frameworks",
				);
				MARKETING_VERSION = 1.0;
				PRODUCT_BUNDLE_IDENTIFIER = test.Login;
				PRODUCT_NAME = "$(TARGET_NAME)";
				SWIFT_EMIT_LOC_STRINGS = YES;
				SWIFT_VERSION = 5.0;
				TARGETED_DEVICE_FAMILY = "1,2";
			};
			name = Debug;
		};
		A19C8122294B47FC003E1D88 /* Release */ = {
			isa = XCBuildConfiguration;
			buildSettings = {
				ASSETCATALOG_COMPILER_APPICON_NAME = AppIcon;
				ASSETCATALOG_COMPILER_GLOBAL_ACCENT_COLOR_NAME = AccentColor;
				CODE_SIGN_STYLE = Automatic;
				CURRENT_PROJECT_VERSION = 1;
				GENERATE_INFOPLIST_FILE = YES;
				INFOPLIST_FILE = Login/Info.plist;
				INFOPLIST_KEY_UIApplicationSupportsIndirectInputEvents = YES;
				INFOPLIST_KEY_UILaunchStoryboardName = LaunchScreen;
				INFOPLIST_KEY_UIMainStoryboardFile = Main;
				INFOPLIST_KEY_UISupportedInterfaceOrientations_iPad = "UIInterfaceOrientationPortrait UIInterfaceOrientationPortraitUpsideDown UIInterfaceOrientationLandscapeLeft UIInterfaceOrientationLandscapeRight";
				INFOPLIST_KEY_UISupportedInterfaceOrientations_iPhone = "UIInterfaceOrientationPortrait UIInterfaceOrientationLandscapeLeft UIInterfaceOrientationLandscapeRight";
				LD_RUNPATH_SEARCH_PATHS = (
					"$(inherited)",
					"@executable_path/Frameworks",
				);
				MARKETING_VERSION = 1.0;
				PRODUCT_BUNDLE_IDENTIFIER = test.Login;
				PRODUCT_NAME = "$(TARGET_NAME)";
				SWIFT_EMIT_LOC_STRINGS = YES;
				SWIFT_VERSION = 5.0;
				TARGETED_DEVICE_FAMILY = "1,2";
			};
			name = Release;
		};
/* End XCBuildConfiguration section */

/* Begin XCConfigurationList section */
		A19C8107294B47FA003E1D88 /* Build configuration list for PBXProject "Login" */ = {
			isa = XCConfigurationList;
			buildConfigurations = (
				A19C811E294B47FC003E1D88 /* Debug */,
				A19C811F294B47FC003E1D88 /* Release */,
			);
			defaultConfigurationIsVisible = 0;
			defaultConfigurationName = Release;
		};
		A19C8120294B47FC003E1D88 /* Build configuration list for PBXNativeTarget "Login" */ = {
			isa = XCConfigurationList;
			buildConfigurations = (
				A19C8121294B47FC003E1D88 /* Debug */,
				A19C8122294B47FC003E1D88 /* Release */,
			);
			defaultConfigurationIsVisible = 0;
			defaultConfigurationName = Release;
		};
/* End XCConfigurationList section */
	};
	rootObject = A19C8104294B47FA003E1D88 /* Project object */;
}
