// !$*UTF8*$!
{
	archiveVersion = 1;
	classes = {
	};
	objectVersion = 56;
	objects = {

/* Begin PBXBuildFile section */
		A19C8190298A9FCB003E1D88 /* AppDelegate.swift in Sources */ = {isa = PBXBuildFile; fileRef = A19C818F298A9FCB003E1D88 /* AppDelegate.swift */; };
		A19C8192298A9FCB003E1D88 /* SceneDelegate.swift in Sources */ = {isa = PBXBuildFile; fileRef = A19C8191298A9FCB003E1D88 /* SceneDelegate.swift */; };
		A19C8194298A9FCB003E1D88 /* ViewController.swift in Sources */ = {isa = PBXBuildFile; fileRef = A19C8193298A9FCB003E1D88 /* ViewController.swift */; };
		A19C8197298A9FCB003E1D88 /* Main.storyboard in Resources */ = {isa = PBXBuildFile; fileRef = A19C8195298A9FCB003E1D88 /* Main.storyboard */; };
		A19C8199298A9FCD003E1D88 /* Assets.xcassets in Resources */ = {isa = PBXBuildFile; fileRef = A19C8198298A9FCD003E1D88 /* Assets.xcassets */; };
		A19C819C298A9FCD003E1D88 /* LaunchScreen.storyboard in Resources */ = {isa = PBXBuildFile; fileRef = A19C819A298A9FCD003E1D88 /* LaunchScreen.storyboard */; };
		A19C81A4298BD8FC003E1D88 /* ManagingGroupViewController.swift in Sources */ = {isa = PBXBuildFile; fileRef = A19C81A3298BD8FC003E1D88 /* ManagingGroupViewController.swift */; };
		A19C81A6298BECCE003E1D88 /* TabBarViewController.swift in Sources */ = {isa = PBXBuildFile; fileRef = A19C81A5298BECCE003E1D88 /* TabBarViewController.swift */; };
		A19C81D3298D3A85003E1D88 /* Preferences.swift in Sources */ = {isa = PBXBuildFile; fileRef = A19C81CC298D3A85003E1D88 /* Preferences.swift */; };
		A19C81D4298D3A85003E1D88 /* DatabaseBroker.swift in Sources */ = {isa = PBXBuildFile; fileRef = A19C81CD298D3A85003E1D88 /* DatabaseBroker.swift */; };
		A19C81D5298D3A85003E1D88 /* Message.swift in Sources */ = {isa = PBXBuildFile; fileRef = A19C81CE298D3A85003E1D88 /* Message.swift */; };
		A19C81D6298D3A85003E1D88 /* User.swift in Sources */ = {isa = PBXBuildFile; fileRef = A19C81CF298D3A85003E1D88 /* User.swift */; };
		A19C81D7298D3A85003E1D88 /* FilebaseBroker.swift in Sources */ = {isa = PBXBuildFile; fileRef = A19C81D0298D3A85003E1D88 /* FilebaseBroker.swift */; };
		A19C81D8298D3A85003E1D88 /* Setting.swift in Sources */ = {isa = PBXBuildFile; fileRef = A19C81D1298D3A85003E1D88 /* Setting.swift */; };
		A19C81D9298D3A85003E1D88 /* ArchivableString.swift in Sources */ = {isa = PBXBuildFile; fileRef = A19C81D2298D3A85003E1D88 /* ArchivableString.swift */; };
		A19C81DB29928084003E1D88 /* AddGroupVC.swift in Sources */ = {isa = PBXBuildFile; fileRef = A19C81DA29928084003E1D88 /* AddGroupVC.swift */; };
		A19C81DD299FC101003E1D88 /* ManagingUserViewController.swift in Sources */ = {isa = PBXBuildFile; fileRef = A19C81DC299FC101003E1D88 /* ManagingUserViewController.swift */; };
		A19C81DF299FC147003E1D88 /* ManagingSettingsViewController.swift in Sources */ = {isa = PBXBuildFile; fileRef = A19C81DE299FC147003E1D88 /* ManagingSettingsViewController.swift */; };
		A19C81E329AB965D003E1D88 /* AddUserVC.swift in Sources */ = {isa = PBXBuildFile; fileRef = A19C81E229AB965D003E1D88 /* AddUserVC.swift */; };
/* End PBXBuildFile section */

/* Begin PBXFileReference section */
		A19C818C298A9FCB003E1D88 /* Manager.app */ = {isa = PBXFileReference; explicitFileType = wrapper.application; includeInIndex = 0; path = Manager.app; sourceTree = BUILT_PRODUCTS_DIR; };
		A19C818F298A9FCB003E1D88 /* AppDelegate.swift */ = {isa = PBXFileReference; lastKnownFileType = sourcecode.swift; path = AppDelegate.swift; sourceTree = "<group>"; };
		A19C8191298A9FCB003E1D88 /* SceneDelegate.swift */ = {isa = PBXFileReference; lastKnownFileType = sourcecode.swift; path = SceneDelegate.swift; sourceTree = "<group>"; };
		A19C8193298A9FCB003E1D88 /* ViewController.swift */ = {isa = PBXFileReference; lastKnownFileType = sourcecode.swift; path = ViewController.swift; sourceTree = "<group>"; };
		A19C8196298A9FCB003E1D88 /* Base */ = {isa = PBXFileReference; lastKnownFileType = file.storyboard; name = Base; path = Base.lproj/Main.storyboard; sourceTree = "<group>"; };
		A19C8198298A9FCD003E1D88 /* Assets.xcassets */ = {isa = PBXFileReference; lastKnownFileType = folder.assetcatalog; path = Assets.xcassets; sourceTree = "<group>"; };
		A19C819B298A9FCD003E1D88 /* Base */ = {isa = PBXFileReference; lastKnownFileType = file.storyboard; name = Base; path = Base.lproj/LaunchScreen.storyboard; sourceTree = "<group>"; };
		A19C819D298A9FCD003E1D88 /* Info.plist */ = {isa = PBXFileReference; lastKnownFileType = text.plist.xml; path = Info.plist; sourceTree = "<group>"; };
		A19C81A3298BD8FC003E1D88 /* ManagingGroupViewController.swift */ = {isa = PBXFileReference; lastKnownFileType = sourcecode.swift; path = ManagingGroupViewController.swift; sourceTree = "<group>"; };
		A19C81A5298BECCE003E1D88 /* TabBarViewController.swift */ = {isa = PBXFileReference; lastKnownFileType = sourcecode.swift; path = TabBarViewController.swift; sourceTree = "<group>"; };
		A19C81CC298D3A85003E1D88 /* Preferences.swift */ = {isa = PBXFileReference; fileEncoding = 4; lastKnownFileType = sourcecode.swift; path = Preferences.swift; sourceTree = "<group>"; };
		A19C81CD298D3A85003E1D88 /* DatabaseBroker.swift */ = {isa = PBXFileReference; fileEncoding = 4; lastKnownFileType = sourcecode.swift; path = DatabaseBroker.swift; sourceTree = "<group>"; };
		A19C81CE298D3A85003E1D88 /* Message.swift */ = {isa = PBXFileReference; fileEncoding = 4; lastKnownFileType = sourcecode.swift; path = Message.swift; sourceTree = "<group>"; };
		A19C81CF298D3A85003E1D88 /* User.swift */ = {isa = PBXFileReference; fileEncoding = 4; lastKnownFileType = sourcecode.swift; path = User.swift; sourceTree = "<group>"; };
		A19C81D0298D3A85003E1D88 /* FilebaseBroker.swift */ = {isa = PBXFileReference; fileEncoding = 4; lastKnownFileType = sourcecode.swift; path = FilebaseBroker.swift; sourceTree = "<group>"; };
		A19C81D1298D3A85003E1D88 /* Setting.swift */ = {isa = PBXFileReference; fileEncoding = 4; lastKnownFileType = sourcecode.swift; path = Setting.swift; sourceTree = "<group>"; };
		A19C81D2298D3A85003E1D88 /* ArchivableString.swift */ = {isa = PBXFileReference; fileEncoding = 4; lastKnownFileType = sourcecode.swift; path = ArchivableString.swift; sourceTree = "<group>"; };
		A19C81DA29928084003E1D88 /* AddGroupVC.swift */ = {isa = PBXFileReference; lastKnownFileType = sourcecode.swift; path = AddGroupVC.swift; sourceTree = "<group>"; };
		A19C81DC299FC101003E1D88 /* ManagingUserViewController.swift */ = {isa = PBXFileReference; lastKnownFileType = sourcecode.swift; path = ManagingUserViewController.swift; sourceTree = "<group>"; };
		A19C81DE299FC147003E1D88 /* ManagingSettingsViewController.swift */ = {isa = PBXFileReference; lastKnownFileType = sourcecode.swift; path = ManagingSettingsViewController.swift; sourceTree = "<group>"; };
		A19C81E229AB965D003E1D88 /* AddUserVC.swift */ = {isa = PBXFileReference; lastKnownFileType = sourcecode.swift; path = AddUserVC.swift; sourceTree = "<group>"; };
/* End PBXFileReference section */

/* Begin PBXFrameworksBuildPhase section */
		A19C8189298A9FCB003E1D88 /* Frameworks */ = {
			isa = PBXFrameworksBuildPhase;
			buildActionMask = 2147483647;
			files = (
			);
			runOnlyForDeploymentPostprocessing = 0;
		};
/* End PBXFrameworksBuildPhase section */

/* Begin PBXGroup section */
		A19C8183298A9FCB003E1D88 = {
			isa = PBXGroup;
			children = (
				A19C818E298A9FCB003E1D88 /* Manager */,
				A19C818D298A9FCB003E1D88 /* Products */,
			);
			sourceTree = "<group>";
		};
		A19C818D298A9FCB003E1D88 /* Products */ = {
			isa = PBXGroup;
			children = (
				A19C818C298A9FCB003E1D88 /* Manager.app */,
			);
			name = Products;
			sourceTree = "<group>";
		};
		A19C818E298A9FCB003E1D88 /* Manager */ = {
			isa = PBXGroup;
			children = (
				A19C81CB298D3A6F003E1D88 /* common */,
				A19C818F298A9FCB003E1D88 /* AppDelegate.swift */,
				A19C8191298A9FCB003E1D88 /* SceneDelegate.swift */,
				A19C8193298A9FCB003E1D88 /* ViewController.swift */,
				A19C8195298A9FCB003E1D88 /* Main.storyboard */,
				A19C8198298A9FCD003E1D88 /* Assets.xcassets */,
				A19C819A298A9FCD003E1D88 /* LaunchScreen.storyboard */,
				A19C819D298A9FCD003E1D88 /* Info.plist */,
				A19C81A3298BD8FC003E1D88 /* ManagingGroupViewController.swift */,
				A19C81A5298BECCE003E1D88 /* TabBarViewController.swift */,
				A19C81DA29928084003E1D88 /* AddGroupVC.swift */,
				A19C81DC299FC101003E1D88 /* ManagingUserViewController.swift */,
				A19C81DE299FC147003E1D88 /* ManagingSettingsViewController.swift */,
				A19C81E229AB965D003E1D88 /* AddUserVC.swift */,
			);
			path = Manager;
			sourceTree = "<group>";
		};
		A19C81CB298D3A6F003E1D88 /* common */ = {
			isa = PBXGroup;
			children = (
				A19C81D2298D3A85003E1D88 /* ArchivableString.swift */,
				A19C81CD298D3A85003E1D88 /* DatabaseBroker.swift */,
				A19C81D0298D3A85003E1D88 /* FilebaseBroker.swift */,
				A19C81CE298D3A85003E1D88 /* Message.swift */,
				A19C81CC298D3A85003E1D88 /* Preferences.swift */,
				A19C81D1298D3A85003E1D88 /* Setting.swift */,
				A19C81CF298D3A85003E1D88 /* User.swift */,
			);
			path = common;
			sourceTree = "<group>";
		};
/* End PBXGroup section */

/* Begin PBXNativeTarget section */
		A19C818B298A9FCB003E1D88 /* Manager */ = {
			isa = PBXNativeTarget;
			buildConfigurationList = A19C81A0298A9FCD003E1D88 /* Build configuration list for PBXNativeTarget "Manager" */;
			buildPhases = (
				A19C8188298A9FCB003E1D88 /* Sources */,
				A19C8189298A9FCB003E1D88 /* Frameworks */,
				A19C818A298A9FCB003E1D88 /* Resources */,
			);
			buildRules = (
			);
			dependencies = (
			);
			name = Manager;
			productName = Manager;
			productReference = A19C818C298A9FCB003E1D88 /* Manager.app */;
			productType = "com.apple.product-type.application";
		};
/* End PBXNativeTarget section */

/* Begin PBXProject section */
		A19C8184298A9FCB003E1D88 /* Project object */ = {
			isa = PBXProject;
			attributes = {
				BuildIndependentTargetsInParallel = 1;
				LastSwiftUpdateCheck = 1410;
				LastUpgradeCheck = 1410;
				TargetAttributes = {
					A19C818B298A9FCB003E1D88 = {
						CreatedOnToolsVersion = 14.1;
					};
				};
			};
			buildConfigurationList = A19C8187298A9FCB003E1D88 /* Build configuration list for PBXProject "Manager" */;
			compatibilityVersion = "Xcode 14.0";
			developmentRegion = en;
			hasScannedForEncodings = 0;
			knownRegions = (
				en,
				Base,
			);
			mainGroup = A19C8183298A9FCB003E1D88;
			productRefGroup = A19C818D298A9FCB003E1D88 /* Products */;
			projectDirPath = "";
			projectRoot = "";
			targets = (
				A19C818B298A9FCB003E1D88 /* Manager */,
			);
		};
/* End PBXProject section */

/* Begin PBXResourcesBuildPhase section */
		A19C818A298A9FCB003E1D88 /* Resources */ = {
			isa = PBXResourcesBuildPhase;
			buildActionMask = 2147483647;
			files = (
				A19C819C298A9FCD003E1D88 /* LaunchScreen.storyboard in Resources */,
				A19C8199298A9FCD003E1D88 /* Assets.xcassets in Resources */,
				A19C8197298A9FCB003E1D88 /* Main.storyboard in Resources */,
			);
			runOnlyForDeploymentPostprocessing = 0;
		};
/* End PBXResourcesBuildPhase section */

/* Begin PBXSourcesBuildPhase section */
		A19C8188298A9FCB003E1D88 /* Sources */ = {
			isa = PBXSourcesBuildPhase;
			buildActionMask = 2147483647;
			files = (
				A19C81DD299FC101003E1D88 /* ManagingUserViewController.swift in Sources */,
				A19C8194298A9FCB003E1D88 /* ViewController.swift in Sources */,
				A19C81D9298D3A85003E1D88 /* ArchivableString.swift in Sources */,
				A19C8190298A9FCB003E1D88 /* AppDelegate.swift in Sources */,
				A19C81D3298D3A85003E1D88 /* Preferences.swift in Sources */,
				A19C81A4298BD8FC003E1D88 /* ManagingGroupViewController.swift in Sources */,
				A19C81D4298D3A85003E1D88 /* DatabaseBroker.swift in Sources */,
				A19C81D6298D3A85003E1D88 /* User.swift in Sources */,
				A19C81DB29928084003E1D88 /* AddGroupVC.swift in Sources */,
				A19C81D8298D3A85003E1D88 /* Setting.swift in Sources */,
				A19C81D5298D3A85003E1D88 /* Message.swift in Sources */,
				A19C81E329AB965D003E1D88 /* AddUserVC.swift in Sources */,
				A19C81A6298BECCE003E1D88 /* TabBarViewController.swift in Sources */,
				A19C8192298A9FCB003E1D88 /* SceneDelegate.swift in Sources */,
				A19C81D7298D3A85003E1D88 /* FilebaseBroker.swift in Sources */,
				A19C81DF299FC147003E1D88 /* ManagingSettingsViewController.swift in Sources */,
			);
			runOnlyForDeploymentPostprocessing = 0;
		};
/* End PBXSourcesBuildPhase section */

/* Begin PBXVariantGroup section */
		A19C8195298A9FCB003E1D88 /* Main.storyboard */ = {
			isa = PBXVariantGroup;
			children = (
				A19C8196298A9FCB003E1D88 /* Base */,
			);
			name = Main.storyboard;
			sourceTree = "<group>";
		};
		A19C819A298A9FCD003E1D88 /* LaunchScreen.storyboard */ = {
			isa = PBXVariantGroup;
			children = (
				A19C819B298A9FCD003E1D88 /* Base */,
			);
			name = LaunchScreen.storyboard;
			sourceTree = "<group>";
		};
/* End PBXVariantGroup section */

/* Begin XCBuildConfiguration section */
		A19C819E298A9FCD003E1D88 /* Debug */ = {
			isa = XCBuildConfiguration;
			buildSettings = {
				ALWAYS_SEARCH_USER_PATHS = NO;
				CLANG_ANALYZER_NONNULL = YES;
				CLANG_ANALYZER_NUMBER_OBJECT_CONVERSION = YES_AGGRESSIVE;
				CLANG_CXX_LANGUAGE_STANDARD = "gnu++20";
				CLANG_ENABLE_MODULES = YES;
				CLANG_ENABLE_OBJC_ARC = YES;
				CLANG_ENABLE_OBJC_WEAK = YES;
				CLANG_WARN_BLOCK_CAPTURE_AUTORELEASING = YES;
				CLANG_WARN_BOOL_CONVERSION = YES;
				CLANG_WARN_COMMA = YES;
				CLANG_WARN_CONSTANT_CONVERSION = YES;
				CLANG_WARN_DEPRECATED_OBJC_IMPLEMENTATIONS = YES;
				CLANG_WARN_DIRECT_OBJC_ISA_USAGE = YES_ERROR;
				CLANG_WARN_DOCUMENTATION_COMMENTS = YES;
				CLANG_WARN_EMPTY_BODY = YES;
				CLANG_WARN_ENUM_CONVERSION = YES;
				CLANG_WARN_INFINITE_RECURSION = YES;
				CLANG_WARN_INT_CONVERSION = YES;
				CLANG_WARN_NON_LITERAL_NULL_CONVERSION = YES;
				CLANG_WARN_OBJC_IMPLICIT_RETAIN_SELF = YES;
				CLANG_WARN_OBJC_LITERAL_CONVERSION = YES;
				CLANG_WARN_OBJC_ROOT_CLASS = YES_ERROR;
				CLANG_WARN_QUOTED_INCLUDE_IN_FRAMEWORK_HEADER = YES;
				CLANG_WARN_RANGE_LOOP_ANALYSIS = YES;
				CLANG_WARN_STRICT_PROTOTYPES = YES;
				CLANG_WARN_SUSPICIOUS_MOVE = YES;
				CLANG_WARN_UNGUARDED_AVAILABILITY = YES_AGGRESSIVE;
				CLANG_WARN_UNREACHABLE_CODE = YES;
				CLANG_WARN__DUPLICATE_METHOD_MATCH = YES;
				COPY_PHASE_STRIP = NO;
				DEBUG_INFORMATION_FORMAT = dwarf;
				ENABLE_STRICT_OBJC_MSGSEND = YES;
				ENABLE_TESTABILITY = YES;
				GCC_C_LANGUAGE_STANDARD = gnu11;
				GCC_DYNAMIC_NO_PIC = NO;
				GCC_NO_COMMON_BLOCKS = YES;
				GCC_OPTIMIZATION_LEVEL = 0;
				GCC_PREPROCESSOR_DEFINITIONS = (
					"DEBUG=1",
					"$(inherited)",
				);
				GCC_WARN_64_TO_32_BIT_CONVERSION = YES;
				GCC_WARN_ABOUT_RETURN_TYPE = YES_ERROR;
				GCC_WARN_UNDECLARED_SELECTOR = YES;
				GCC_WARN_UNINITIALIZED_AUTOS = YES_AGGRESSIVE;
				GCC_WARN_UNUSED_FUNCTION = YES;
				GCC_WARN_UNUSED_VARIABLE = YES;
				IPHONEOS_DEPLOYMENT_TARGET = 16.1;
				MTL_ENABLE_DEBUG_INFO = INCLUDE_SOURCE;
				MTL_FAST_MATH = YES;
				ONLY_ACTIVE_ARCH = YES;
				SDKROOT = iphoneos;
				SWIFT_ACTIVE_COMPILATION_CONDITIONS = DEBUG;
				SWIFT_OPTIMIZATION_LEVEL = "-Onone";
			};
			name = Debug;
		};
		A19C819F298A9FCD003E1D88 /* Release */ = {
			isa = XCBuildConfiguration;
			buildSettings = {
				ALWAYS_SEARCH_USER_PATHS = NO;
				CLANG_ANALYZER_NONNULL = YES;
				CLANG_ANALYZER_NUMBER_OBJECT_CONVERSION = YES_AGGRESSIVE;
				CLANG_CXX_LANGUAGE_STANDARD = "gnu++20";
				CLANG_ENABLE_MODULES = YES;
				CLANG_ENABLE_OBJC_ARC = YES;
				CLANG_ENABLE_OBJC_WEAK = YES;
				CLANG_WARN_BLOCK_CAPTURE_AUTORELEASING = YES;
				CLANG_WARN_BOOL_CONVERSION = YES;
				CLANG_WARN_COMMA = YES;
				CLANG_WARN_CONSTANT_CONVERSION = YES;
				CLANG_WARN_DEPRECATED_OBJC_IMPLEMENTATIONS = YES;
				CLANG_WARN_DIRECT_OBJC_ISA_USAGE = YES_ERROR;
				CLANG_WARN_DOCUMENTATION_COMMENTS = YES;
				CLANG_WARN_EMPTY_BODY = YES;
				CLANG_WARN_ENUM_CONVERSION = YES;
				CLANG_WARN_INFINITE_RECURSION = YES;
				CLANG_WARN_INT_CONVERSION = YES;
				CLANG_WARN_NON_LITERAL_NULL_CONVERSION = YES;
				CLANG_WARN_OBJC_IMPLICIT_RETAIN_SELF = YES;
				CLANG_WARN_OBJC_LITERAL_CONVERSION = YES;
				CLANG_WARN_OBJC_ROOT_CLASS = YES_ERROR;
				CLANG_WARN_QUOTED_INCLUDE_IN_FRAMEWORK_HEADER = YES;
				CLANG_WARN_RANGE_LOOP_ANALYSIS = YES;
				CLANG_WARN_STRICT_PROTOTYPES = YES;
				CLANG_WARN_SUSPICIOUS_MOVE = YES;
				CLANG_WARN_UNGUARDED_AVAILABILITY = YES_AGGRESSIVE;
				CLANG_WARN_UNREACHABLE_CODE = YES;
				CLANG_WARN__DUPLICATE_METHOD_MATCH = YES;
				COPY_PHASE_STRIP = NO;
				DEBUG_INFORMATION_FORMAT = "dwarf-with-dsym";
				ENABLE_NS_ASSERTIONS = NO;
				ENABLE_STRICT_OBJC_MSGSEND = YES;
				GCC_C_LANGUAGE_STANDARD = gnu11;
				GCC_NO_COMMON_BLOCKS = YES;
				GCC_WARN_64_TO_32_BIT_CONVERSION = YES;
				GCC_WARN_ABOUT_RETURN_TYPE = YES_ERROR;
				GCC_WARN_UNDECLARED_SELECTOR = YES;
				GCC_WARN_UNINITIALIZED_AUTOS = YES_AGGRESSIVE;
				GCC_WARN_UNUSED_FUNCTION = YES;
				GCC_WARN_UNUSED_VARIABLE = YES;
				IPHONEOS_DEPLOYMENT_TARGET = 16.1;
				MTL_ENABLE_DEBUG_INFO = NO;
				MTL_FAST_MATH = YES;
				SDKROOT = iphoneos;
				SWIFT_COMPILATION_MODE = wholemodule;
				SWIFT_OPTIMIZATION_LEVEL = "-O";
				VALIDATE_PRODUCT = YES;
			};
			name = Release;
		};
		A19C81A1298A9FCD003E1D88 /* Debug */ = {
			isa = XCBuildConfiguration;
			buildSettings = {
				ASSETCATALOG_COMPILER_APPICON_NAME = AppIcon;
				ASSETCATALOG_COMPILER_GLOBAL_ACCENT_COLOR_NAME = AccentColor;
				CODE_SIGN_STYLE = Automatic;
				CURRENT_PROJECT_VERSION = 1;
				GENERATE_INFOPLIST_FILE = YES;
				INFOPLIST_FILE = Manager/Info.plist;
				INFOPLIST_KEY_UIApplicationSupportsIndirectInputEvents = YES;
				INFOPLIST_KEY_UILaunchStoryboardName = LaunchScreen;
				INFOPLIST_KEY_UIMainStoryboardFile = Main;
				INFOPLIST_KEY_UISupportedInterfaceOrientations_iPad = "UIInterfaceOrientationPortrait UIInterfaceOrientationPortraitUpsideDown UIInterfaceOrientationLandscapeLeft UIInterfaceOrientationLandscapeRight";
				INFOPLIST_KEY_UISupportedInterfaceOrientations_iPhone = "UIInterfaceOrientationPortrait UIInterfaceOrientationLandscapeLeft UIInterfaceOrientationLandscapeRight";
				LD_RUNPATH_SEARCH_PATHS = (
					"$(inherited)",
					"@executable_path/Frameworks",
				);
				MARKETING_VERSION = 1.0;
				PRODUCT_BUNDLE_IDENTIFIER = test.Manager;
				PRODUCT_NAME = "$(TARGET_NAME)";
				SWIFT_EMIT_LOC_STRINGS = YES;
				SWIFT_VERSION = 5.0;
				TARGETED_DEVICE_FAMILY = "1,2";
			};
			name = Debug;
		};
		A19C81A2298A9FCD003E1D88 /* Release */ = {
			isa = XCBuildConfiguration;
			buildSettings = {
				ASSETCATALOG_COMPILER_APPICON_NAME = AppIcon;
				ASSETCATALOG_COMPILER_GLOBAL_ACCENT_COLOR_NAME = AccentColor;
				CODE_SIGN_STYLE = Automatic;
				CURRENT_PROJECT_VERSION = 1;
				GENERATE_INFOPLIST_FILE = YES;
				INFOPLIST_FILE = Manager/Info.plist;
				INFOPLIST_KEY_UIApplicationSupportsIndirectInputEvents = YES;
				INFOPLIST_KEY_UILaunchStoryboardName = LaunchScreen;
				INFOPLIST_KEY_UIMainStoryboardFile = Main;
				INFOPLIST_KEY_UISupportedInterfaceOrientations_iPad = "UIInterfaceOrientationPortrait UIInterfaceOrientationPortraitUpsideDown UIInterfaceOrientationLandscapeLeft UIInterfaceOrientationLandscapeRight";
				INFOPLIST_KEY_UISupportedInterfaceOrientations_iPhone = "UIInterfaceOrientationPortrait UIInterfaceOrientationLandscapeLeft UIInterfaceOrientationLandscapeRight";
				LD_RUNPATH_SEARCH_PATHS = (
					"$(inherited)",
					"@executable_path/Frameworks",
				);
				MARKETING_VERSION = 1.0;
				PRODUCT_BUNDLE_IDENTIFIER = test.Manager;
				PRODUCT_NAME = "$(TARGET_NAME)";
				SWIFT_EMIT_LOC_STRINGS = YES;
				SWIFT_VERSION = 5.0;
				TARGETED_DEVICE_FAMILY = "1,2";
			};
			name = Release;
		};
/* End XCBuildConfiguration section */

/* Begin XCConfigurationList section */
		A19C8187298A9FCB003E1D88 /* Build configuration list for PBXProject "Manager" */ = {
			isa = XCConfigurationList;
			buildConfigurations = (
				A19C819E298A9FCD003E1D88 /* Debug */,
				A19C819F298A9FCD003E1D88 /* Release */,
			);
			defaultConfigurationIsVisible = 0;
			defaultConfigurationName = Release;
		};
		A19C81A0298A9FCD003E1D88 /* Build configuration list for PBXNativeTarget "Manager" */ = {
			isa = XCConfigurationList;
			buildConfigurations = (
				A19C81A1298A9FCD003E1D88 /* Debug */,
				A19C81A2298A9FCD003E1D88 /* Release */,
			);
			defaultConfigurationIsVisible = 0;
			defaultConfigurationName = Release;
		};
/* End XCConfigurationList section */
	};
	rootObject = A19C8184298A9FCB003E1D88 /* Project object */;
}
